# @generated - this file is auto-generated by `mise lock` https://mise.en.dev/dev-tools/mise-lock.html

[[tools.prek]]
version = "0.4.4"
backend = "aqua:j178/prek"

[tools.prek."platforms.linux-arm64"]
checksum = "sha256:b38ea178e3f73a7a767edde47a091faac2814d93ba7faa590cba8d19d0fdc76a"
url = "https://github.com/j178/prek/releases/download/v0.4.4/prek-aarch64-unknown-linux-musl.tar.gz"
provenance = "github-attestations"

[tools.prek."platforms.linux-arm64-musl"]
checksum = "sha256:b38ea178e3f73a7a767edde47a091faac2814d93ba7faa590cba8d19d0fdc76a"
url = "https://github.com/j178/prek/releases/download/v0.4.4/prek-aarch64-unknown-linux-musl.tar.gz"
provenance = "github-attestations"

[tools.prek."platforms.linux-x64"]
checksum = "sha256:4a0aa963c6468ebcd4734ee7d763e8c1223bfb9bdabcb4528a7afac6b0147e12"
url = "https://github.com/j178/prek/releases/download/v0.4.4/prek-x86_64-unknown-linux-musl.tar.gz"
provenance = "github-attestations"

[tools.prek."platforms.linux-x64-musl"]
checksum = "sha256:4a0aa963c6468ebcd4734ee7d763e8c1223bfb9bdabcb4528a7afac6b0147e12"
url = "https://github.com/j178/prek/releases/download/v0.4.4/prek-x86_64-unknown-linux-musl.tar.gz"
provenance = "github-attestations"

[tools.prek."platforms.macos-arm64"]
checksum = "sha256:d3d74f96bbb9fe88d14bdb3119501f8f39602b885e19f57c6567791599afd231"
url = "https://github.com/j178/prek/releases/download/v0.4.4/prek-aarch64-apple-darwin.tar.gz"
provenance = "github-attestations"

[tools.prek."platforms.macos-x64"]
checksum = "sha256:960809f1b7541210e4182fb5408b2de5394ef4a490f8de51bc19724e4c0df227"
url = "https://github.com/j178/prek/releases/download/v0.4.4/prek-x86_64-apple-darwin.tar.gz"
provenance = "github-attestations"

[tools.prek."platforms.windows-x64"]
checksum = "sha256:c6b503e858a7ba17df47618d1c5b0331132b70bcc2a35704e5f422d21c433abe"
url = "https://github.com/j178/prek/releases/download/v0.4.4/prek-x86_64-pc-windows-msvc.zip"
provenance = "github-attestations"

[[tools.rumdl]]
version = "0.2.9"
backend = "aqua:rvben/rumdl"

[tools.rumdl."platforms.linux-arm64"]
checksum = "sha256:a319a4934c43f0269e8805e773e8ea3be020f147a61c15e16d068b975fb5c280"
url = "https://github.com/rvben/rumdl/releases/download/v0.2.9/rumdl-v0.2.9-aarch64-unknown-linux-musl.tar.gz"
provenance = "github-attestations"

[tools.rumdl."platforms.linux-arm64-musl"]
checksum = "sha256:a319a4934c43f0269e8805e773e8ea3be020f147a61c15e16d068b975fb5c280"
url = "https://github.com/rvben/rumdl/releases/download/v0.2.9/rumdl-v0.2.9-aarch64-unknown-linux-musl.tar.gz"
provenance = "github-attestations"

[tools.rumdl."platforms.linux-x64"]
checksum = "sha256:dee92319de062a2d97fa72769eb15f0744241741d0b439fd69e0d58d0a03e505"
url = "https://github.com/rvben/rumdl/releases/download/v0.2.9/rumdl-v0.2.9-x86_64-unknown-linux-musl.tar.gz"
provenance = "github-attestations"

[tools.rumdl."platforms.linux-x64-musl"]
checksum = "sha256:dee92319de062a2d97fa72769eb15f0744241741d0b439fd69e0d58d0a03e505"
url = "https://github.com/rvben/rumdl/releases/download/v0.2.9/rumdl-v0.2.9-x86_64-unknown-linux-musl.tar.gz"
provenance = "github-attestations"

[tools.rumdl."platforms.macos-arm64"]
checksum = "sha256:772ccabd903bf9fc9844b706c14d433c4233202eef19e5c34561f516ae3b8f99"
url = "https://github.com/rvben/rumdl/releases/download/v0.2.9/rumdl-v0.2.9-aarch64-apple-darwin.tar.gz"
provenance = "github-attestations"

[tools.rumdl."platforms.macos-x64"]
checksum = "sha256:3939cc5606315a99f0878452c02eab1b8f1a844eed2452c36f838c37ce46b653"
url = "https://github.com/rvben/rumdl/releases/download/v0.2.9/rumdl-v0.2.9-x86_64-apple-darwin.tar.gz"
provenance = "github-attestations"

[tools.rumdl."platforms.windows-x64"]
checksum = "sha256:cd4c42c26aa31ff62add313bb8ff6b0d1cbe2e043e8b42895736fa1d20a1755c"
url = "https://github.com/rvben/rumdl/releases/download/v0.2.9/rumdl-v0.2.9-x86_64-pc-windows-msvc.zip"
provenance = "github-attestations"
